
Microsoft Visual Studio Solution File, Format Version 12.00
# Visual Studio Version 17
VisualStudioVersion = 17.10.35122.118
MinimumVisualStudioVersion = 10.0.40219.1
Project("{9A19103F-16F7-4668-BE54-9A1E7A4F7556}") = "SystemMonitor.Models", "SystemMonitor.Models\SystemMonitor.Models.csproj", "{96A05032-526A-4095-8B92-A7417DD57908}"
EndProject
Project("{9A19103F-16F7-4668-BE54-9A1E7A4F7556}") = "SystemMonitor.Agent", "SystemMonitor.Agent\SystemMonitor.Agent.csproj", "{882568F5-60F5-4E58-A14A-907897769A36}"
EndProject
Project("{E53339B2-1760-4266-BCC7-CA923CBCF16C}") = "docker-compose", "docker-compose.dcproj", "{CD90B490-C12B-4871-BA17-3BAD8C59091E}"
EndProject
Project("{9A19103F-16F7-4668-BE54-9A1E7A4F7556}") = "SystemMonitor.Server", "SystemMonitor.Server\SystemMonitor.Server.csproj", "{2AF2AFA6-DB14-4A87-9E8E-D20C4C53ABF1}"
EndProject
Project("{9A19103F-16F7-4668-BE54-9A1E7A4F7556}") = "SystemMonitor.Security", "SystemMonitor.Security\SystemMonitor.Security.csproj", "{FCF81573-2346-4353-9C88-4AA112E207D1}"
EndProject
Project("{FAE04EC0-301F-11D3-BF4B-00C04F79EFBC}") = "SystemMonitor.DataService", "SystemMonitor.DataService\SystemMonitor.DataService.csproj", "{05DDB4C7-D114-47E5-A512-31E243B209CB}"
EndProject
Project("{FAE04EC0-301F-11D3-BF4B-00C04F79EFBC}") = "SystemMonitor.MessageBroker", "SystemMonitor.MessageBroker\SystemMonitor.MessageBroker.csproj", "{E6A85123-4CDD-41CD-8AA0-5EFADB8CDE6D}"
EndProject
Project("{FAE04EC0-301F-11D3-BF4B-00C04F79EFBC}") = "SystemMonitor.Hubs", "SystemMonitor.Hubs\SystemMonitor.Hubs.csproj", "{8D084B49-1A85-4233-84AA-ACCD426809A1}"
EndProject
Project("{FAE04EC0-301F-11D3-BF4B-00C04F79EFBC}") = "SystemMonitor.Auth", "SystemMonitor.Auth\SystemMonitor.Auth.csproj", "{86CB8FCB-A6B0-428A-9D07-A333B482D4AC}"
EndProject
Global
	GlobalSection(SolutionConfigurationPlatforms) = preSolution
		Debug|Any CPU = Debug|Any CPU
		Release|Any CPU = Release|Any CPU
	EndGlobalSection
	GlobalSection(ProjectConfigurationPlatforms) = postSolution
		{96A05032-526A-4095-8B92-A7417DD57908}.Debug|Any CPU.ActiveCfg = Debug|Any CPU
		{96A05032-526A-4095-8B92-A7417DD57908}.Debug|Any CPU.Build.0 = Debug|Any CPU
		{96A05032-526A-4095-8B92-A7417DD57908}.Release|Any CPU.ActiveCfg = Release|Any CPU
		{96A05032-526A-4095-8B92-A7417DD57908}.Release|Any CPU.Build.0 = Release|Any CPU
		{882568F5-60F5-4E58-A14A-907897769A36}.Debug|Any CPU.ActiveCfg = Debug|Any CPU
		{882568F5-60F5-4E58-A14A-907897769A36}.Debug|Any CPU.Build.0 = Debug|Any CPU
		{882568F5-60F5-4E58-A14A-907897769A36}.Release|Any CPU.ActiveCfg = Release|Any CPU
		{882568F5-60F5-4E58-A14A-907897769A36}.Release|Any CPU.Build.0 = Release|Any CPU
		{CD90B490-C12B-4871-BA17-3BAD8C59091E}.Debug|Any CPU.ActiveCfg = Debug|Any CPU
		{CD90B490-C12B-4871-BA17-3BAD8C59091E}.Debug|Any CPU.Build.0 = Debug|Any CPU
		{CD90B490-C12B-4871-BA17-3BAD8C59091E}.Release|Any CPU.ActiveCfg = Release|Any CPU
		{CD90B490-C12B-4871-BA17-3BAD8C59091E}.Release|Any CPU.Build.0 = Release|Any CPU
		{2AF2AFA6-DB14-4A87-9E8E-D20C4C53ABF1}.Debug|Any CPU.ActiveCfg = Debug|Any CPU
		{2AF2AFA6-DB14-4A87-9E8E-D20C4C53ABF1}.Debug|Any CPU.Build.0 = Debug|Any CPU
		{2AF2AFA6-DB14-4A87-9E8E-D20C4C53ABF1}.Release|Any CPU.ActiveCfg = Release|Any CPU
		{2AF2AFA6-DB14-4A87-9E8E-D20C4C53ABF1}.Release|Any CPU.Build.0 = Release|Any CPU
		{FCF81573-2346-4353-9C88-4AA112E207D1}.Debug|Any CPU.ActiveCfg = Debug|Any CPU
		{FCF81573-2346-4353-9C88-4AA112E207D1}.Debug|Any CPU.Build.0 = Debug|Any CPU
		{FCF81573-2346-4353-9C88-4AA112E207D1}.Release|Any CPU.ActiveCfg = Release|Any CPU
		{FCF81573-2346-4353-9C88-4AA112E207D1}.Release|Any CPU.Build.0 = Release|Any CPU
		{05DDB4C7-D114-47E5-A512-31E243B209CB}.Debug|Any CPU.ActiveCfg = Debug|Any CPU
		{05DDB4C7-D114-47E5-A512-31E243B209CB}.Debug|Any CPU.Build.0 = Debug|Any CPU
		{05DDB4C7-D114-47E5-A512-31E243B209CB}.Release|Any CPU.ActiveCfg = Release|Any CPU
		{05DDB4C7-D114-47E5-A512-31E243B209CB}.Release|Any CPU.Build.0 = Release|Any CPU
		{E6A85123-4CDD-41CD-8AA0-5EFADB8CDE6D}.Debug|Any CPU.ActiveCfg = Debug|Any CPU
		{E6A85123-4CDD-41CD-8AA0-5EFADB8CDE6D}.Debug|Any CPU.Build.0 = Debug|Any CPU
		{E6A85123-4CDD-41CD-8AA0-5EFADB8CDE6D}.Release|Any CPU.ActiveCfg = Release|Any CPU
		{E6A85123-4CDD-41CD-8AA0-5EFADB8CDE6D}.Release|Any CPU.Build.0 = Release|Any CPU
		{8D084B49-1A85-4233-84AA-ACCD426809A1}.Debug|Any CPU.ActiveCfg = Debug|Any CPU
		{8D084B49-1A85-4233-84AA-ACCD426809A1}.Debug|Any CPU.Build.0 = Debug|Any CPU
		{8D084B49-1A85-4233-84AA-ACCD426809A1}.Release|Any CPU.ActiveCfg = Release|Any CPU
		{8D084B49-1A85-4233-84AA-ACCD426809A1}.Release|Any CPU.Build.0 = Release|Any CPU
		{86CB8FCB-A6B0-428A-9D07-A333B482D4AC}.Debug|Any CPU.ActiveCfg = Debug|Any CPU
		{86CB8FCB-A6B0-428A-9D07-A333B482D4AC}.Debug|Any CPU.Build.0 = Debug|Any CPU
		{86CB8FCB-A6B0-428A-9D07-A333B482D4AC}.Release|Any CPU.ActiveCfg = Release|Any CPU
		{86CB8FCB-A6B0-428A-9D07-A333B482D4AC}.Release|Any CPU.Build.0 = Release|Any CPU
	EndGlobalSection
	GlobalSection(SolutionProperties) = preSolution
		HideSolutionNode = FALSE
	EndGlobalSection
	GlobalSection(ExtensibilityGlobals) = postSolution
		SolutionGuid = {F70CEC4B-5C7D-452B-BE53-6A71B9C55E00}
	EndGlobalSection
EndGlobal
